
Microsoft Visual Studio Solution File, Format Version 12.00
# Visual Studio Version 17
VisualStudioVersion = 17.6.33801.468
MinimumVisualStudioVersion = 10.0.40219.1
Project("{9A19103F-16F7-4668-BE54-9A1E7A4F7556}") = "ConvertConsoleAppToWeb", "ConvertConsoleAppToWeb\ConvertConsoleAppToWeb.csproj", "{CC553741-954F-4D90-92A3-7F3162C2922F}"
EndProject
Project("{9A19103F-16F7-4668-BE54-9A1E7A4F7556}") = "FirstMvcCoreApp", "FirstMvcCoreApp\FirstMvcCoreApp.csproj", "{C8C44F06-1BC1-45D2-99EC-68C91FDCD0E1}"
EndProject
Project("{9A19103F-16F7-4668-BE54-9A1E7A4F7556}") = "EFCoreExample", "EFCoreExample\EFCoreExample.csproj", "{98FF1EE6-E877-40A2-8B7E-539F0DE678AC}"
EndProject
Project("{9A19103F-16F7-4668-BE54-9A1E7A4F7556}") = "TestCore", "TestCore\TestCore.csproj", "{87CE4547-FCC5-467D-B32B-C7D714F34BFD}"
EndProject
Project("{9A19103F-16F7-4668-BE54-9A1E7A4F7556}") = "CodeFirstApproach", "CodeFirstApproach\CodeFirstApproach.csproj", "{9972E4D6-6DDB-4330-9588-3AC8FD40565F}"
EndProject
Project("{9A19103F-16F7-4668-BE54-9A1E7A4F7556}") = "DataBaseFirstApproach", "DataBaseFirstApproach\DataBaseFirstApproach.csproj", "{D1F1D04A-9A3E-42B4-AF5C-C7E776418DC0}"
EndProject
Project("{9A19103F-16F7-4668-BE54-9A1E7A4F7556}") = "CodeFirstApproach2Way", "CodeFirstApproach2Way\CodeFirstApproach2Way.csproj", "{B5125096-228F-4305-927C-967BE5243911}"
EndProject
Project("{FAE04EC0-301F-11D3-BF4B-00C04F79EFBC}") = "SampleApiProject", "SampleApiProject\SampleApiProject.csproj", "{66DC91D5-F382-40C6-9CDC-C7288C35C38B}"
EndProject
Global
	GlobalSection(SolutionConfigurationPlatforms) = preSolution
		Debug|Any CPU = Debug|Any CPU
		Release|Any CPU = Release|Any CPU
	EndGlobalSection
	GlobalSection(ProjectConfigurationPlatforms) = postSolution
		{CC553741-954F-4D90-92A3-7F3162C2922F}.Debug|Any CPU.ActiveCfg = Debug|Any CPU
		{CC553741-954F-4D90-92A3-7F3162C2922F}.Debug|Any CPU.Build.0 = Debug|Any CPU
		{CC553741-954F-4D90-92A3-7F3162C2922F}.Release|Any CPU.ActiveCfg = Release|Any CPU
		{CC553741-954F-4D90-92A3-7F3162C2922F}.Release|Any CPU.Build.0 = Release|Any CPU
		{C8C44F06-1BC1-45D2-99EC-68C91FDCD0E1}.Debug|Any CPU.ActiveCfg = Debug|Any CPU
		{C8C44F06-1BC1-45D2-99EC-68C91FDCD0E1}.Debug|Any CPU.Build.0 = Debug|Any CPU
		{C8C44F06-1BC1-45D2-99EC-68C91FDCD0E1}.Release|Any CPU.ActiveCfg = Release|Any CPU
		{C8C44F06-1BC1-45D2-99EC-68C91FDCD0E1}.Release|Any CPU.Build.0 = Release|Any CPU
		{98FF1EE6-E877-40A2-8B7E-539F0DE678AC}.Debug|Any CPU.ActiveCfg = Debug|Any CPU
		{98FF1EE6-E877-40A2-8B7E-539F0DE678AC}.Debug|Any CPU.Build.0 = Debug|Any CPU
		{98FF1EE6-E877-40A2-8B7E-539F0DE678AC}.Release|Any CPU.ActiveCfg = Release|Any CPU
		{98FF1EE6-E877-40A2-8B7E-539F0DE678AC}.Release|Any CPU.Build.0 = Release|Any CPU
		{87CE4547-FCC5-467D-B32B-C7D714F34BFD}.Debug|Any CPU.ActiveCfg = Debug|Any CPU
		{87CE4547-FCC5-467D-B32B-C7D714F34BFD}.Debug|Any CPU.Build.0 = Debug|Any CPU
		{87CE4547-FCC5-467D-B32B-C7D714F34BFD}.Release|Any CPU.ActiveCfg = Release|Any CPU
		{87CE4547-FCC5-467D-B32B-C7D714F34BFD}.Release|Any CPU.Build.0 = Release|Any CPU
		{9972E4D6-6DDB-4330-9588-3AC8FD40565F}.Debug|Any CPU.ActiveCfg = Debug|Any CPU
		{9972E4D6-6DDB-4330-9588-3AC8FD40565F}.Debug|Any CPU.Build.0 = Debug|Any CPU
		{9972E4D6-6DDB-4330-9588-3AC8FD40565F}.Release|Any CPU.ActiveCfg = Release|Any CPU
		{9972E4D6-6DDB-4330-9588-3AC8FD40565F}.Release|Any CPU.Build.0 = Release|Any CPU
		{D1F1D04A-9A3E-42B4-AF5C-C7E776418DC0}.Debug|Any CPU.ActiveCfg = Debug|Any CPU
		{D1F1D04A-9A3E-42B4-AF5C-C7E776418DC0}.Debug|Any CPU.Build.0 = Debug|Any CPU
		{D1F1D04A-9A3E-42B4-AF5C-C7E776418DC0}.Release|Any CPU.ActiveCfg = Release|Any CPU
		{D1F1D04A-9A3E-42B4-AF5C-C7E776418DC0}.Release|Any CPU.Build.0 = Release|Any CPU
		{B5125096-228F-4305-927C-967BE5243911}.Debug|Any CPU.ActiveCfg = Debug|Any CPU
		{B5125096-228F-4305-927C-967BE5243911}.Debug|Any CPU.Build.0 = Debug|Any CPU
		{B5125096-228F-4305-927C-967BE5243911}.Release|Any CPU.ActiveCfg = Release|Any CPU
		{B5125096-228F-4305-927C-967BE5243911}.Release|Any CPU.Build.0 = Release|Any CPU
		{66DC91D5-F382-40C6-9CDC-C7288C35C38B}.Debug|Any CPU.ActiveCfg = Debug|Any CPU
		{66DC91D5-F382-40C6-9CDC-C7288C35C38B}.Debug|Any CPU.Build.0 = Debug|Any CPU
		{66DC91D5-F382-40C6-9CDC-C7288C35C38B}.Release|Any CPU.ActiveCfg = Release|Any CPU
		{66DC91D5-F382-40C6-9CDC-C7288C35C38B}.Release|Any CPU.Build.0 = Release|Any CPU
	EndGlobalSection
	GlobalSection(SolutionProperties) = preSolution
		HideSolutionNode = FALSE
	EndGlobalSection
	GlobalSection(ExtensibilityGlobals) = postSolution
		SolutionGuid = {6BFDCC71-9583-4039-92E4-0F7C133AE1F2}
	EndGlobalSection
EndGlobal
